// !$*UTF8*$!
{
	archiveVersion = 1;
	classes = {
	};
	objectVersion = 46;
	objects = {

/* Begin PBXBuildFile section */
		840EAC1A1991E998000509B4 /* Foundation.framework in Frameworks */ = {isa = PBXBuildFile; fileRef = 840EAC191991E998000509B4 /* Foundation.framework */; };
		840EAC1C1991E998000509B4 /* CoreGraphics.framework in Frameworks */ = {isa = PBXBuildFile; fileRef = 840EAC1B1991E998000509B4 /* CoreGraphics.framework */; };
		840EAC1E1991E998000509B4 /* UIKit.framework in Frameworks */ = {isa = PBXBuildFile; fileRef = 840EAC1D1991E998000509B4 /* UIKit.framework */; };
		840EAC241991E998000509B4 /* InfoPlist.strings in Resources */ = {isa = PBXBuildFile; fileRef = 840EAC221991E998000509B4 /* InfoPlist.strings */; };
		840EAC261991E998000509B4 /* main.m in Sources */ = {isa = PBXBuildFile; fileRef = 840EAC251991E998000509B4 /* main.m */; };
		840EAC2A1991E998000509B4 /* AppDelegate.m in Sources */ = {isa = PBXBuildFile; fileRef = 840EAC291991E998000509B4 /* AppDelegate.m */; };
		840EAC2C1991E998000509B4 /* Images.xcassets in Resources */ = {isa = PBXBuildFile; fileRef = 840EAC2B1991E998000509B4 /* Images.xcassets */; };
		840EAC331991E999000509B4 /* XCTest.framework in Frameworks */ = {isa = PBXBuildFile; fileRef = 840EAC321991E999000509B4 /* XCTest.framework */; };
		840EAC341991E999000509B4 /* Foundation.framework in Frameworks */ = {isa = PBXBuildFile; fileRef = 840EAC191991E998000509B4 /* Foundation.framework */; };
		840EAC351991E999000509B4 /* UIKit.framework in Frameworks */ = {isa = PBXBuildFile; fileRef = 840EAC1D1991E998000509B4 /* UIKit.framework */; };
		840EAC3D1991E999000509B4 /* InfoPlist.strings in Resources */ = {isa = PBXBuildFile; fileRef = 840EAC3B1991E999000509B4 /* InfoPlist.strings */; };
		840EAC3F1991E999000509B4 /* BlankTests.m in Sources */ = {isa = PBXBuildFile; fileRef = 840EAC3E1991E999000509B4 /* BlankTests.m */; };
/* End PBXBuildFile section */

/* Begin PBXContainerItemProxy section */
		840EAC361991E999000509B4 /* PBXContainerItemProxy */ = {
			isa = PBXContainerItemProxy;
			containerPortal = 840EAC0E1991E998000509B4 /* Project object */;
			proxyType = 1;
			remoteGlobalIDString = 840EAC151991E998000509B4;
			remoteInfo = Blank;
		};
/* End PBXContainerItemProxy section */

/* Begin PBXFileReference section */
		840EAC161991E998000509B4 /* Blank.app */ = {isa = PBXFileReference; explicitFileType = wrapper.application; includeInIndex = 0; path = Blank.app; sourceTree = BUILT_PRODUCTS_DIR; };
		840EAC191991E998000509B4 /* Foundation.framework */ = {isa = PBXFileReference; lastKnownFileType = wrapper.framework; name = Foundation.framework; path = System/Library/Frameworks/Foundation.framework; sourceTree = SDKROOT; };
		840EAC1B1991E998000509B4 /* CoreGraphics.framework */ = {isa = PBXFileReference; lastKnownFileType = wrapper.framework; name = CoreGraphics.framework; path = System/Library/Frameworks/CoreGraphics.framework; sourceTree = SDKROOT; };
		840EAC1D1991E998000509B4 /* UIKit.framework */ = {isa = PBXFileReference; lastKnownFileType = wrapper.framework; name = UIKit.framework; path = System/Library/Frameworks/UIKit.framework; sourceTree = SDKROOT; };
		840EAC211991E998000509B4 /* Blank-Info.plist */ = {isa = PBXFileReference; lastKnownFileType = text.plist.xml; path = "Blank-Info.plist"; sourceTree = "<group>"; };
		840EAC231991E998000509B4 /* en */ = {isa = PBXFileReference; lastKnownFileType = text.plist.strings; name = en; path = en.lproj/InfoPlist.strings; sourceTree = "<group>"; };
		840EAC251991E998000509B4 /* main.m */ = {isa = PBXFileReference; lastKnownFileType = sourcecode.c.objc; path = main.m; sourceTree = "<group>"; };
		840EAC271991E998000509B4 /* Blank-Prefix.pch */ = {isa = PBXFileReference; lastKnownFileType = sourcecode.c.h; path = "Blank-Prefix.pch"; sourceTree = "<group>"; };
		840EAC281991E998000509B4 /* AppDelegate.h */ = {isa = PBXFileReference; lastKnownFileType = sourcecode.c.h; path = AppDelegate.h; sourceTree = "<group>"; };
		840EAC291991E998000509B4 /* AppDelegate.m */ = {isa = PBXFileReference; lastKnownFileType = sourcecode.c.objc; path = AppDelegate.m; sourceTree = "<group>"; };
		840EAC2B1991E998000509B4 /* Images.xcassets */ = {isa = PBXFileReference; lastKnownFileType = folder.assetcatalog; path = Images.xcassets; sourceTree = "<group>"; };
		840EAC311991E999000509B4 /* BlankTests.xctest */ = {isa = PBXFileReference; explicitFileType = wrapper.cfbundle; includeInIndex = 0; path = BlankTests.xctest; sourceTree = BUILT_PRODUCTS_DIR; };
		840EAC321991E999000509B4 /* XCTest.framework */ = {isa = PBXFileReference; lastKnownFileType = wrapper.framework; name = XCTest.framework; path = Library/Frameworks/XCTest.framework; sourceTree = DEVELOPER_DIR; };
		840EAC3A1991E999000509B4 /* BlankTests-Info.plist */ = {isa = PBXFileReference; lastKnownFileType = text.plist.xml; path = "BlankTests-Info.plist"; sourceTree = "<group>"; };
		840EAC3C1991E999000509B4 /* en */ = {isa = PBXFileReference; lastKnownFileType = text.plist.strings; name = en; path = en.lproj/InfoPlist.strings; sourceTree = "<group>"; };
		840EAC3E1991E999000509B4 /* BlankTests.m */ = {isa = PBXFileReference; lastKnownFileType = sourcecode.c.objc; path = BlankTests.m; sourceTree = "<group>"; };
/* End PBXFileReference section */

/* Begin PBXFrameworksBuildPhase section */
		840EAC131991E998000509B4 /* Frameworks */ = {
			isa = PBXFrameworksBuildPhase;
			buildActionMask = 2147483647;
			files = (
				840EAC1C1991E998000509B4 /* CoreGraphics.framework in Frameworks */,
				840EAC1E1991E998000509B4 /* UIKit.framework in Frameworks */,
				840EAC1A1991E998000509B4 /* Foundation.framework in Frameworks */,
			);
			runOnlyForDeploymentPostprocessing = 0;
		};
		840EAC2E1991E999000509B4 /* Frameworks */ = {
			isa = PBXFrameworksBuildPhase;
			buildActionMask = 2147483647;
			files = (
				840EAC331991E999000509B4 /* XCTest.framework in Frameworks */,
				840EAC351991E999000509B4 /* UIKit.framework in Frameworks */,
				840EAC341991E999000509B4 /* Foundation.framework in Frameworks */,
			);
			runOnlyForDeploymentPostprocessing = 0;
		};
/* End PBXFrameworksBuildPhase section */

/* Begin PBXGroup section */
		840EAC0D1991E998000509B4 = {
			isa = PBXGroup;
			children = (
				840EAC1F1991E998000509B4 /* Blank */,
				840EAC381991E999000509B4 /* BlankTests */,
				840EAC181991E998000509B4 /* Frameworks */,
				840EAC171991E998000509B4 /* Products */,
			);
			sourceTree = "<group>";
		};
		840EAC171991E998000509B4 /* Products */ = {
			isa = PBXGroup;
			children = (
				840EAC161991E998000509B4 /* Blank.app */,
				840EAC311991E999000509B4 /* BlankTests.xctest */,
			);
			name = Products;
			sourceTree = "<group>";
		};
		840EAC181991E998000509B4 /* Frameworks */ = {
			isa = PBXGroup;
			children = (
				840EAC191991E998000509B4 /* Foundation.framework */,
				840EAC1B1991E998000509B4 /* CoreGraphics.framework */,
				840EAC1D1991E998000509B4 /* UIKit.framework */,
				840EAC321991E999000509B4 /* XCTest.framework */,
			);
			name = Frameworks;
			sourceTree = "<group>";
		};
		840EAC1F1991E998000509B4 /* Blank */ = {
			isa = PBXGroup;
			children = (
				840EAC281991E998000509B4 /* AppDelegate.h */,
				840EAC291991E998000509B4 /* AppDelegate.m */,
				840EAC2B1991E998000509B4 /* Images.xcassets */,
				840EAC201991E998000509B4 /* Supporting Files */,
			);
			path = Blank;
			sourceTree = "<group>";
		};
		840EAC201991E998000509B4 /* Supporting Files */ = {
			isa = PBXGroup;
			children = (
				840EAC211991E998000509B4 /* Blank-Info.plist */,
				840EAC221991E998000509B4 /* InfoPlist.strings */,
				840EAC251991E998000509B4 /* main.m */,
				840EAC271991E998000509B4 /* Blank-Prefix.pch */,
			);
			name = "Supporting Files";
			sourceTree = "<group>";
		};
		840EAC381991E999000509B4 /* BlankTests */ = {
			isa = PBXGroup;
			children = (
				840EAC3E1991E999000509B4 /* BlankTests.m */,
				840EAC391991E999000509B4 /* Supporting Files */,
			);
			path = BlankTests;
			sourceTree = "<group>";
		};
		840EAC391991E999000509B4 /* Supporting Files */ = {
			isa = PBXGroup;
			children = (
				840EAC3A1991E999000509B4 /* BlankTests-Info.plist */,
				840EAC3B1991E999000509B4 /* InfoPlist.strings */,
			);
			name = "Supporting Files";
			sourceTree = "<group>";
		};
/* End PBXGroup section */

/* Begin PBXNativeTarget section */
		840EAC151991E998000509B4 /* Blank */ = {
			isa = PBXNativeTarget;
			buildConfigurationList = 840EAC421991E999000509B4 /* Build configuration list for PBXNativeTarget "Blank" */;
			buildPhases = (
				840EAC121991E998000509B4 /* Sources */,
				840EAC131991E998000509B4 /* Frameworks */,
				840EAC141991E998000509B4 /* Resources */,
			);
			buildRules = (
			);
			dependencies = (
			);
			name = Blank;
			productName = Blank;
			productReference = 840EAC161991E998000509B4 /* Blank.app */;
			productType = "com.apple.product-type.application";
		};
		840EAC301991E999000509B4 /* BlankTests */ = {
			isa = PBXNativeTarget;
			buildConfigurationList = 840EAC451991E999000509B4 /* Build configuration list for PBXNativeTarget "BlankTests" */;
			buildPhases = (
				840EAC2D1991E999000509B4 /* Sources */,
				840EAC2E1991E999000509B4 /* Frameworks */,
				840EAC2F1991E999000509B4 /* Resources */,
			);
			buildRules = (
			);
			dependencies = (
				840EAC371991E999000509B4 /* PBXTargetDependency */,
			);
			name = BlankTests;
			productName = BlankTests;
			productReference = 840EAC311991E999000509B4 /* BlankTests.xctest */;
			productType = "com.apple.product-type.bundle.unit-test";
		};
/* End PBXNativeTarget section */

/* Begin PBXProject section */
		840EAC0E1991E998000509B4 /* Project object */ = {
			isa = PBXProject;
			attributes = {
				LastUpgradeCheck = 0510;
				ORGANIZATIONNAME = "Softeam LLC";
				TargetAttributes = {
					840EAC301991E999000509B4 = {
						TestTargetID = 840EAC151991E998000509B4;
					};
				};
			};
			buildConfigurationList = 840EAC111991E998000509B4 /* Build configuration list for PBXProject "Blank" */;
			compatibilityVersion = "Xcode 3.2";
			developmentRegion = English;
			hasScannedForEncodings = 0;
			knownRegions = (
				en,
			);
			mainGroup = 840EAC0D1991E998000509B4;
			productRefGroup = 840EAC171991E998000509B4 /* Products */;
			projectDirPath = "";
			projectRoot = "";
			targets = (
				840EAC151991E998000509B4 /* Blank */,
				840EAC301991E999000509B4 /* BlankTests */,
			);
		};
/* End PBXProject section */

/* Begin PBXResourcesBuildPhase section */
		840EAC141991E998000509B4 /* Resources */ = {
			isa = PBXResourcesBuildPhase;
			buildActionMask = 2147483647;
			files = (
				840EAC241991E998000509B4 /* InfoPlist.strings in Resources */,
				840EAC2C1991E998000509B4 /* Images.xcassets in Resources */,
			);
			runOnlyForDeploymentPostprocessing = 0;
		};
		840EAC2F1991E999000509B4 /* Resources */ = {
			isa = PBXResourcesBuildPhase;
			buildActionMask = 2147483647;
			files = (
				840EAC3D1991E999000509B4 /* InfoPlist.strings in Resources */,
			);
			runOnlyForDeploymentPostprocessing = 0;
		};
/* End PBXResourcesBuildPhase section */

/* Begin PBXSourcesBuildPhase section */
		840EAC121991E998000509B4 /* Sources */ = {
			isa = PBXSourcesBuildPhase;
			buildActionMask = 2147483647;
			files = (
				840EAC2A1991E998000509B4 /* AppDelegate.m in Sources */,
				840EAC261991E998000509B4 /* main.m in Sources */,
			);
			runOnlyForDeploymentPostprocessing = 0;
		};
		840EAC2D1991E999000509B4 /* Sources */ = {
			isa = PBXSourcesBuildPhase;
			buildActionMask = 2147483647;
			files = (
				840EAC3F1991E999000509B4 /* BlankTests.m in Sources */,
			);
			runOnlyForDeploymentPostprocessing = 0;
		};
/* End PBXSourcesBuildPhase section */

/* Begin PBXTargetDependency section */
		840EAC371991E999000509B4 /* PBXTargetDependency */ = {
			isa = PBXTargetDependency;
			target = 840EAC151991E998000509B4 /* Blank */;
			targetProxy = 840EAC361991E999000509B4 /* PBXContainerItemProxy */;
		};
/* End PBXTargetDependency section */

/* Begin PBXVariantGroup section */
		840EAC221991E998000509B4 /* InfoPlist.strings */ = {
			isa = PBXVariantGroup;
			children = (
				840EAC231991E998000509B4 /* en */,
			);
			name = InfoPlist.strings;
			sourceTree = "<group>";
		};
		840EAC3B1991E999000509B4 /* InfoPlist.strings */ = {
			isa = PBXVariantGroup;
			children = (
				840EAC3C1991E999000509B4 /* en */,
			);
			name = InfoPlist.strings;
			sourceTree = "<group>";
		};
/* End PBXVariantGroup section */

/* Begin XCBuildConfiguration section */
		840EAC401991E999000509B4 /* Debug */ = {
			isa = XCBuildConfiguration;
			buildSettings = {
				ALWAYS_SEARCH_USER_PATHS = NO;
				CLANG_CXX_LANGUAGE_STANDARD = "gnu++0x";
				CLANG_CXX_LIBRARY = "libc++";
				CLANG_ENABLE_MODULES = YES;
				CLANG_ENABLE_OBJC_ARC = YES;
				CLANG_WARN_BOOL_CONVERSION = YES;
				CLANG_WARN_CONSTANT_CONVERSION = YES;
				CLANG_WARN_DIRECT_OBJC_ISA_USAGE = YES_ERROR;
				CLANG_WARN_EMPTY_BODY = YES;
				CLANG_WARN_ENUM_CONVERSION = YES;
				CLANG_WARN_INT_CONVERSION = YES;
				CLANG_WARN_OBJC_ROOT_CLASS = YES_ERROR;
				CLANG_WARN__DUPLICATE_METHOD_MATCH = YES;
				"CODE_SIGN_IDENTITY[sdk=iphoneos*]" = "iPhone Developer";
				COPY_PHASE_STRIP = NO;
				GCC_C_LANGUAGE_STANDARD = gnu99;
				GCC_DYNAMIC_NO_PIC = NO;
				GCC_OPTIMIZATION_LEVEL = 0;
				GCC_PREPROCESSOR_DEFINITIONS = (
					"DEBUG=1",
					"$(inherited)",
				);
				GCC_SYMBOLS_PRIVATE_EXTERN = NO;
				GCC_WARN_64_TO_32_BIT_CONVERSION = YES;
				GCC_WARN_ABOUT_RETURN_TYPE = YES_ERROR;
				GCC_WARN_UNDECLARED_SELECTOR = YES;
				GCC_WARN_UNINITIALIZED_AUTOS = YES_AGGRESSIVE;
				GCC_WARN_UNUSED_FUNCTION = YES;
				GCC_WARN_UNUSED_VARIABLE = YES;
				IPHONEOS_DEPLOYMENT_TARGET = 7.1;
				ONLY_ACTIVE_ARCH = YES;
				SDKROOT = iphoneos;
			};
			name = Debug;
		};
		840EAC411991E999000509B4 /* Release */ = {
			isa = XCBuildConfiguration;
			buildSettings = {
				ALWAYS_SEARCH_USER_PATHS = NO;
				CLANG_CXX_LANGUAGE_STANDARD = "gnu++0x";
				CLANG_CXX_LIBRARY = "libc++";
				CLANG_ENABLE_MODULES = YES;
				CLANG_ENABLE_OBJC_ARC = YES;
				CLANG_WARN_BOOL_CONVERSION = YES;
				CLANG_WARN_CONSTANT_CONVERSION = YES;
				CLANG_WARN_DIRECT_OBJC_ISA_USAGE = YES_ERROR;
				CLANG_WARN_EMPTY_BODY = YES;
				CLANG_WARN_ENUM_CONVERSION = YES;
				CLANG_WARN_INT_CONVERSION = YES;
				CLANG_WARN_OBJC_ROOT_CLASS = YES_ERROR;
				CLANG_WARN__DUPLICATE_METHOD_MATCH = YES;
				"CODE_SIGN_IDENTITY[sdk=iphoneos*]" = "iPhone Developer";
				COPY_PHASE_STRIP = YES;
				ENABLE_NS_ASSERTIONS = NO;
				GCC_C_LANGUAGE_STANDARD = gnu99;
				GCC_WARN_64_TO_32_BIT_CONVERSION = YES;
				GCC_WARN_ABOUT_RETURN_TYPE = YES_ERROR;
				GCC_WARN_UNDECLARED_SELECTOR = YES;
				GCC_WARN_UNINITIALIZED_AUTOS = YES_AGGRESSIVE;
				GCC_WARN_UNUSED_FUNCTION = YES;
				GCC_WARN_UNUSED_VARIABLE = YES;
				IPHONEOS_DEPLOYMENT_TARGET = 7.1;
				SDKROOT = iphoneos;
				VALIDATE_PRODUCT = YES;
			};
			name = Release;
		};
		840EAC431991E999000509B4 /* Debug */ = {
			isa = XCBuildConfiguration;
			buildSettings = {
				ASSETCATALOG_COMPILER_APPICON_NAME = AppIcon;
				ASSETCATALOG_COMPILER_LAUNCHIMAGE_NAME = LaunchImage;
				GCC_PRECOMPILE_PREFIX_HEADER = YES;
				GCC_PREFIX_HEADER = "Blank/Blank-Prefix.pch";
				INFOPLIST_FILE = "Blank/Blank-Info.plist";
				PRODUCT_NAME = "$(TARGET_NAME)";
				WRAPPER_EXTENSION = app;
			};
			name = Debug;
		};
		840EAC441991E999000509B4 /* Release */ = {
			isa = XCBuildConfiguration;
			buildSettings = {
				ASSETCATALOG_COMPILER_APPICON_NAME = AppIcon;
				ASSETCATALOG_COMPILER_LAUNCHIMAGE_NAME = LaunchImage;
				GCC_PRECOMPILE_PREFIX_HEADER = YES;
				GCC_PREFIX_HEADER = "Blank/Blank-Prefix.pch";
				INFOPLIST_FILE = "Blank/Blank-Info.plist";
				PRODUCT_NAME = "$(TARGET_NAME)";
				WRAPPER_EXTENSION = app;
			};
			name = Release;
		};
		840EAC461991E999000509B4 /* Debug */ = {
			isa = XCBuildConfiguration;
			buildSettings = {
				BUNDLE_LOADER = "$(BUILT_PRODUCTS_DIR)/Blank.app/Blank";
				FRAMEWORK_SEARCH_PATHS = (
					"$(SDKROOT)/Developer/Library/Frameworks",
					"$(inherited)",
					"$(DEVELOPER_FRAMEWORKS_DIR)",
				);
				GCC_PRECOMPILE_PREFIX_HEADER = YES;
				GCC_PREFIX_HEADER = "Blank/Blank-Prefix.pch";
				GCC_PREPROCESSOR_DEFINITIONS = (
					"DEBUG=1",
					"$(inherited)",
				);
				INFOPLIST_FILE = "BlankTests/BlankTests-Info.plist";
				PRODUCT_NAME = "$(TARGET_NAME)";
				TEST_HOST = "$(BUNDLE_LOADER)";
				WRAPPER_EXTENSION = xctest;
			};
			name = Debug;
		};
		840EAC471991E999000509B4 /* Release */ = {
			isa = XCBuildConfiguration;
			buildSettings = {
				BUNDLE_LOADER = "$(BUILT_PRODUCTS_DIR)/Blank.app/Blank";
				FRAMEWORK_SEARCH_PATHS = (
					"$(SDKROOT)/Developer/Library/Frameworks",
					"$(inherited)",
					"$(DEVELOPER_FRAMEWORKS_DIR)",
				);
				GCC_PRECOMPILE_PREFIX_HEADER = YES;
				GCC_PREFIX_HEADER = "Blank/Blank-Prefix.pch";
				INFOPLIST_FILE = "BlankTests/BlankTests-Info.plist";
				PRODUCT_NAME = "$(TARGET_NAME)";
				TEST_HOST = "$(BUNDLE_LOADER)";
				WRAPPER_EXTENSION = xctest;
			};
			name = Release;
		};
/* End XCBuildConfiguration section */

/* Begin XCConfigurationList section */
		840EAC111991E998000509B4 /* Build configuration list for PBXProject "Blank" */ = {
			isa = XCConfigurationList;
			buildConfigurations = (
				840EAC401991E999000509B4 /* Debug */,
				840EAC411991E999000509B4 /* Release */,
			);
			defaultConfigurationIsVisible = 0;
			defaultConfigurationName = Release;
		};
		840EAC421991E999000509B4 /* Build configuration list for PBXNativeTarget "Blank" */ = {
			isa = XCConfigurationList;
			buildConfigurations = (
				840EAC431991E999000509B4 /* Debug */,
				840EAC441991E999000509B4 /* Release */,
			);
			defaultConfigurationIsVisible = 0;
		};
		840EAC451991E999000509B4 /* Build configuration list for PBXNativeTarget "BlankTests" */ = {
			isa = XCConfigurationList;
			buildConfigurations = (
				840EAC461991E999000509B4 /* Debug */,
				840EAC471991E999000509B4 /* Release */,
			);
			defaultConfigurationIsVisible = 0;
		};
/* End XCConfigurationList section */
	};
	rootObject = 840EAC0E1991E998000509B4 /* Project object */;
}
